// !$*UTF8*$!
{
	archiveVersion = 1;
	classes = {
	};
	objectVersion = 50;
	objects = {

/* Begin PBXBuildFile section */
		8691877A24329B4B00E1AD14 /* AppDelegate.swift in Sources */ = {isa = PBXBuildFile; fileRef = 8691877924329B4B00E1AD14 /* AppDelegate.swift */; };
		8691877C24329B4B00E1AD14 /* SceneDelegate.swift in Sources */ = {isa = PBXBuildFile; fileRef = 8691877B24329B4B00E1AD14 /* SceneDelegate.swift */; };
		8691877E24329B4B00E1AD14 /* ViewController.swift in Sources */ = {isa = PBXBuildFile; fileRef = 8691877D24329B4B00E1AD14 /* ViewController.swift */; };
		8691878124329B4B00E1AD14 /* Main.storyboard in Resources */ = {isa = PBXBuildFile; fileRef = 8691877F24329B4B00E1AD14 /* Main.storyboard */; };
		8691878324329B4E00E1AD14 /* Assets.xcassets in Resources */ = {isa = PBXBuildFile; fileRef = 8691878224329B4E00E1AD14 /* Assets.xcassets */; };
		8691878624329B4E00E1AD14 /* LaunchScreen.storyboard in Resources */ = {isa = PBXBuildFile; fileRef = 8691878424329B4E00E1AD14 /* LaunchScreen.storyboard */; };
		8691879124329B4E00E1AD14 /* VotingHomeowrkTests.swift in Sources */ = {isa = PBXBuildFile; fileRef = 8691879024329B4E00E1AD14 /* VotingHomeowrkTests.swift */; };
		8691879C24329B4E00E1AD14 /* VotingHomeowrkUITests.swift in Sources */ = {isa = PBXBuildFile; fileRef = 8691879B24329B4E00E1AD14 /* VotingHomeowrkUITests.swift */; };
/* End PBXBuildFile section */

/* Begin PBXContainerItemProxy section */
		8691878D24329B4E00E1AD14 /* PBXContainerItemProxy */ = {
			isa = PBXContainerItemProxy;
			containerPortal = 8691876E24329B4B00E1AD14 /* Project object */;
			proxyType = 1;
			remoteGlobalIDString = 8691877524329B4B00E1AD14;
			remoteInfo = VotingHomeowrk;
		};
		8691879824329B4E00E1AD14 /* PBXContainerItemProxy */ = {
			isa = PBXContainerItemProxy;
			containerPortal = 8691876E24329B4B00E1AD14 /* Project object */;
			proxyType = 1;
			remoteGlobalIDString = 8691877524329B4B00E1AD14;
			remoteInfo = VotingHomeowrk;
		};
/* End PBXContainerItemProxy section */

/* Begin PBXFileReference section */
		8691877624329B4B00E1AD14 /* VotingHomeowrk.app */ = {isa = PBXFileReference; explicitFileType = wrapper.application; includeInIndex = 0; path = VotingHomeowrk.app; sourceTree = BUILT_PRODUCTS_DIR; };
		8691877924329B4B00E1AD14 /* AppDelegate.swift */ = {isa = PBXFileReference; lastKnownFileType = sourcecode.swift; path = AppDelegate.swift; sourceTree = "<group>"; };
		8691877B24329B4B00E1AD14 /* SceneDelegate.swift */ = {isa = PBXFileReference; lastKnownFileType = sourcecode.swift; path = SceneDelegate.swift; sourceTree = "<group>"; };
		8691877D24329B4B00E1AD14 /* ViewController.swift */ = {isa = PBXFileReference; lastKnownFileType = sourcecode.swift; path = ViewController.swift; sourceTree = "<group>"; };
		8691878024329B4B00E1AD14 /* Base */ = {isa = PBXFileReference; lastKnownFileType = file.storyboard; name = Base; path = Base.lproj/Main.storyboard; sourceTree = "<group>"; };
		8691878224329B4E00E1AD14 /* Assets.xcassets */ = {isa = PBXFileReference; lastKnownFileType = folder.assetcatalog; path = Assets.xcassets; sourceTree = "<group>"; };
		8691878524329B4E00E1AD14 /* Base */ = {isa = PBXFileReference; lastKnownFileType = file.storyboard; name = Base; path = Base.lproj/LaunchScreen.storyboard; sourceTree = "<group>"; };
		8691878724329B4E00E1AD14 /* Info.plist */ = {isa = PBXFileReference; lastKnownFileType = text.plist.xml; path = Info.plist; sourceTree = "<group>"; };
		8691878C24329B4E00E1AD14 /* VotingHomeowrkTests.xctest */ = {isa = PBXFileReference; explicitFileType = wrapper.cfbundle; includeInIndex = 0; path = VotingHomeowrkTests.xctest; sourceTree = BUILT_PRODUCTS_DIR; };
		8691879024329B4E00E1AD14 /* VotingHomeowrkTests.swift */ = {isa = PBXFileReference; lastKnownFileType = sourcecode.swift; path = VotingHomeowrkTests.swift; sourceTree = "<group>"; };
		8691879224329B4E00E1AD14 /* Info.plist */ = {isa = PBXFileReference; lastKnownFileType = text.plist.xml; path = Info.plist; sourceTree = "<group>"; };
		8691879724329B4E00E1AD14 /* VotingHomeowrkUITests.xctest */ = {isa = PBXFileReference; explicitFileType = wrapper.cfbundle; includeInIndex = 0; path = VotingHomeowrkUITests.xctest; sourceTree = BUILT_PRODUCTS_DIR; };
		8691879B24329B4E00E1AD14 /* VotingHomeowrkUITests.swift */ = {isa = PBXFileReference; lastKnownFileType = sourcecode.swift; path = VotingHomeowrkUITests.swift; sourceTree = "<group>"; };
		8691879D24329B4E00E1AD14 /* Info.plist */ = {isa = PBXFileReference; lastKnownFileType = text.plist.xml; path = Info.plist; sourceTree = "<group>"; };
/* End PBXFileReference section */

/* Begin PBXFrameworksBuildPhase section */
		8691877324329B4B00E1AD14 /* Frameworks */ = {
			isa = PBXFrameworksBuildPhase;
			buildActionMask = 2147483647;
			files = (
			);
			runOnlyForDeploymentPostprocessing = 0;
		};
		8691878924329B4E00E1AD14 /* Frameworks */ = {
			isa = PBXFrameworksBuildPhase;
			buildActionMask = 2147483647;
			files = (
			);
			runOnlyForDeploymentPostprocessing = 0;
		};
		8691879424329B4E00E1AD14 /* Frameworks */ = {
			isa = PBXFrameworksBuildPhase;
			buildActionMask = 2147483647;
			files = (
			);
			runOnlyForDeploymentPostprocessing = 0;
		};
/* End PBXFrameworksBuildPhase section */

/* Begin PBXGroup section */
		8691876D24329B4B00E1AD14 = {
			isa = PBXGroup;
			children = (
				8691877824329B4B00E1AD14 /* VotingHomeowrk */,
				8691878F24329B4E00E1AD14 /* VotingHomeowrkTests */,
				8691879A24329B4E00E1AD14 /* VotingHomeowrkUITests */,
				8691877724329B4B00E1AD14 /* Products */,
			);
			sourceTree = "<group>";
		};
		8691877724329B4B00E1AD14 /* Products */ = {
			isa = PBXGroup;
			children = (
				8691877624329B4B00E1AD14 /* VotingHomeowrk.app */,
				8691878C24329B4E00E1AD14 /* VotingHomeowrkTests.xctest */,
				8691879724329B4E00E1AD14 /* VotingHomeowrkUITests.xctest */,
			);
			name = Products;
			sourceTree = "<group>";
		};
		8691877824329B4B00E1AD14 /* VotingHomeowrk */ = {
			isa = PBXGroup;
			children = (
				8691877924329B4B00E1AD14 /* AppDelegate.swift */,
				8691877B24329B4B00E1AD14 /* SceneDelegate.swift */,
				8691877D24329B4B00E1AD14 /* ViewController.swift */,
				8691877F24329B4B00E1AD14 /* Main.storyboard */,
				8691878224329B4E00E1AD14 /* Assets.xcassets */,
				8691878424329B4E00E1AD14 /* LaunchScreen.storyboard */,
				8691878724329B4E00E1AD14 /* Info.plist */,
			);
			path = VotingHomeowrk;
			sourceTree = "<group>";
		};
		8691878F24329B4E00E1AD14 /* VotingHomeowrkTests */ = {
			isa = PBXGroup;
			children = (
				8691879024329B4E00E1AD14 /* VotingHomeowrkTests.swift */,
				8691879224329B4E00E1AD14 /* Info.plist */,
			);
			path = VotingHomeowrkTests;
			sourceTree = "<group>";
		};
		8691879A24329B4E00E1AD14 /* VotingHomeowrkUITests */ = {
			isa = PBXGroup;
			children = (
				8691879B24329B4E00E1AD14 /* VotingHomeowrkUITests.swift */,
				8691879D24329B4E00E1AD14 /* Info.plist */,
			);
			path = VotingHomeowrkUITests;
			sourceTree = "<group>";
		};
/* End PBXGroup section */

/* Begin PBXNativeTarget section */
		8691877524329B4B00E1AD14 /* VotingHomeowrk */ = {
			isa = PBXNativeTarget;
			buildConfigurationList = 869187A024329B4E00E1AD14 /* Build configuration list for PBXNativeTarget "VotingHomeowrk" */;
			buildPhases = (
				8691877224329B4B00E1AD14 /* Sources */,
				8691877324329B4B00E1AD14 /* Frameworks */,
				8691877424329B4B00E1AD14 /* Resources */,
			);
			buildRules = (
			);
			dependencies = (
			);
			name = VotingHomeowrk;
			productName = VotingHomeowrk;
			productReference = 8691877624329B4B00E1AD14 /* VotingHomeowrk.app */;
			productType = "com.apple.product-type.application";
		};
		8691878B24329B4E00E1AD14 /* VotingHomeowrkTests */ = {
			isa = PBXNativeTarget;
			buildConfigurationList = 869187A324329B4E00E1AD14 /* Build configuration list for PBXNativeTarget "VotingHomeowrkTests" */;
			buildPhases = (
				8691878824329B4E00E1AD14 /* Sources */,
				8691878924329B4E00E1AD14 /* Frameworks */,
				8691878A24329B4E00E1AD14 /* Resources */,
			);
			buildRules = (
			);
			dependencies = (
				8691878E24329B4E00E1AD14 /* PBXTargetDependency */,
			);
			name = VotingHomeowrkTests;
			productName = VotingHomeowrkTests;
			productReference = 8691878C24329B4E00E1AD14 /* VotingHomeowrkTests.xctest */;
			productType = "com.apple.product-type.bundle.unit-test";
		};
		8691879624329B4E00E1AD14 /* VotingHomeowrkUITests */ = {
			isa = PBXNativeTarget;
			buildConfigurationList = 869187A624329B4E00E1AD14 /* Build configuration list for PBXNativeTarget "VotingHomeowrkUITests" */;
			buildPhases = (
				8691879324329B4E00E1AD14 /* Sources */,
				8691879424329B4E00E1AD14 /* Frameworks */,
				8691879524329B4E00E1AD14 /* Resources */,
			);
			buildRules = (
			);
			dependencies = (
				8691879924329B4E00E1AD14 /* PBXTargetDependency */,
			);
			name = VotingHomeowrkUITests;
			productName = VotingHomeowrkUITests;
			productReference = 8691879724329B4E00E1AD14 /* VotingHomeowrkUITests.xctest */;
			productType = "com.apple.product-type.bundle.ui-testing";
		};
/* End PBXNativeTarget section */

/* Begin PBXProject section */
		8691876E24329B4B00E1AD14 /* Project object */ = {
			isa = PBXProject;
			attributes = {
				LastSwiftUpdateCheck = 1140;
				LastUpgradeCheck = 1140;
				ORGANIZATIONNAME = "Sam Hartman";
				TargetAttributes = {
					8691877524329B4B00E1AD14 = {
						CreatedOnToolsVersion = 11.4;
					};
					8691878B24329B4E00E1AD14 = {
						CreatedOnToolsVersion = 11.4;
						TestTargetID = 8691877524329B4B00E1AD14;
					};
					8691879624329B4E00E1AD14 = {
						CreatedOnToolsVersion = 11.4;
						TestTargetID = 8691877524329B4B00E1AD14;
					};
				};
			};
			buildConfigurationList = 8691877124329B4B00E1AD14 /* Build configuration list for PBXProject "VotingHomeowrk" */;
			compatibilityVersion = "Xcode 9.3";
			developmentRegion = en;
			hasScannedForEncodings = 0;
			knownRegions = (
				en,
				Base,
			);
			mainGroup = 8691876D24329B4B00E1AD14;
			productRefGroup = 8691877724329B4B00E1AD14 /* Products */;
			projectDirPath = "";
			projectRoot = "";
			targets = (
				8691877524329B4B00E1AD14 /* VotingHomeowrk */,
				8691878B24329B4E00E1AD14 /* VotingHomeowrkTests */,
				8691879624329B4E00E1AD14 /* VotingHomeowrkUITests */,
			);
		};
/* End PBXProject section */

/* Begin PBXResourcesBuildPhase section */
		8691877424329B4B00E1AD14 /* Resources */ = {
			isa = PBXResourcesBuildPhase;
			buildActionMask = 2147483647;
			files = (
				8691878624329B4E00E1AD14 /* LaunchScreen.storyboard in Resources */,
				8691878324329B4E00E1AD14 /* Assets.xcassets in Resources */,
				8691878124329B4B00E1AD14 /* Main.storyboard in Resources */,
			);
			runOnlyForDeploymentPostprocessing = 0;
		};
		8691878A24329B4E00E1AD14 /* Resources */ = {
			isa = PBXResourcesBuildPhase;
			buildActionMask = 2147483647;
			files = (
			);
			runOnlyForDeploymentPostprocessing = 0;
		};
		8691879524329B4E00E1AD14 /* Resources */ = {
			isa = PBXResourcesBuildPhase;
			buildActionMask = 2147483647;
			files = (
			);
			runOnlyForDeploymentPostprocessing = 0;
		};
/* End PBXResourcesBuildPhase section */

/* Begin PBXSourcesBuildPhase section */
		8691877224329B4B00E1AD14 /* Sources */ = {
			isa = PBXSourcesBuildPhase;
			buildActionMask = 2147483647;
			files = (
				8691877E24329B4B00E1AD14 /* ViewController.swift in Sources */,
				8691877A24329B4B00E1AD14 /* AppDelegate.swift in Sources */,
				8691877C24329B4B00E1AD14 /* SceneDelegate.swift in Sources */,
			);
			runOnlyForDeploymentPostprocessing = 0;
		};
		8691878824329B4E00E1AD14 /* Sources */ = {
			isa = PBXSourcesBuildPhase;
			buildActionMask = 2147483647;
			files = (
				8691879124329B4E00E1AD14 /* VotingHomeowrkTests.swift in Sources */,
			);
			runOnlyForDeploymentPostprocessing = 0;
		};
		8691879324329B4E00E1AD14 /* Sources */ = {
			isa = PBXSourcesBuildPhase;
			buildActionMask = 2147483647;
			files = (
				8691879C24329B4E00E1AD14 /* VotingHomeowrkUITests.swift in Sources */,
			);
			runOnlyForDeploymentPostprocessing = 0;
		};
/* End PBXSourcesBuildPhase section */

/* Begin PBXTargetDependency section */
		8691878E24329B4E00E1AD14 /* PBXTargetDependency */ = {
			isa = PBXTargetDependency;
			target = 8691877524329B4B00E1AD14 /* VotingHomeowrk */;
			targetProxy = 8691878D24329B4E00E1AD14 /* PBXContainerItemProxy */;
		};
		8691879924329B4E00E1AD14 /* PBXTargetDependency */ = {
			isa = PBXTargetDependency;
			target = 8691877524329B4B00E1AD14 /* VotingHomeowrk */;
			targetProxy = 8691879824329B4E00E1AD14 /* PBXContainerItemProxy */;
		};
/* End PBXTargetDependency section */

/* Begin PBXVariantGroup section */
		8691877F24329B4B00E1AD14 /* Main.storyboard */ = {
			isa = PBXVariantGroup;
			children = (
				8691878024329B4B00E1AD14 /* Base */,
			);
			name = Main.storyboard;
			sourceTree = "<group>";
		};
		8691878424329B4E00E1AD14 /* LaunchScreen.storyboard */ = {
			isa = PBXVariantGroup;
			children = (
				8691878524329B4E00E1AD14 /* Base */,
			);
			name = LaunchScreen.storyboard;
			sourceTree = "<group>";
		};
/* End PBXVariantGroup section */

/* Begin XCBuildConfiguration section */
		8691879E24329B4E00E1AD14 /* Debug */ = {
			isa = XCBuildConfiguration;
			buildSettings = {
				ALWAYS_SEARCH_USER_PATHS = NO;
				CLANG_ANALYZER_NONNULL = YES;
				CLANG_ANALYZER_NUMBER_OBJECT_CONVERSION = YES_AGGRESSIVE;
				CLANG_CXX_LANGUAGE_STANDARD = "gnu++14";
				CLANG_CXX_LIBRARY = "libc++";
				CLANG_ENABLE_MODULES = YES;
				CLANG_ENABLE_OBJC_ARC = YES;
				CLANG_ENABLE_OBJC_WEAK = YES;
				CLANG_WARN_BLOCK_CAPTURE_AUTORELEASING = YES;
				CLANG_WARN_BOOL_CONVERSION = YES;
				CLANG_WARN_COMMA = YES;
				CLANG_WARN_CONSTANT_CONVERSION = YES;
				CLANG_WARN_DEPRECATED_OBJC_IMPLEMENTATIONS = YES;
				CLANG_WARN_DIRECT_OBJC_ISA_USAGE = YES_ERROR;
				CLANG_WARN_DOCUMENTATION_COMMENTS = YES;
				CLANG_WARN_EMPTY_BODY = YES;
				CLANG_WARN_ENUM_CONVERSION = YES;
				CLANG_WARN_INFINITE_RECURSION = YES;
				CLANG_WARN_INT_CONVERSION = YES;
				CLANG_WARN_NON_LITERAL_NULL_CONVERSION = YES;
				CLANG_WARN_OBJC_IMPLICIT_RETAIN_SELF = YES;
				CLANG_WARN_OBJC_LITERAL_CONVERSION = YES;
				CLANG_WARN_OBJC_ROOT_CLASS = YES_ERROR;
				CLANG_WARN_RANGE_LOOP_ANALYSIS = YES;
				CLANG_WARN_STRICT_PROTOTYPES = YES;
				CLANG_WARN_SUSPICIOUS_MOVE = YES;
				CLANG_WARN_UNGUARDED_AVAILABILITY = YES_AGGRESSIVE;
				CLANG_WARN_UNREACHABLE_CODE = YES;
				CLANG_WARN__DUPLICATE_METHOD_MATCH = YES;
				COPY_PHASE_STRIP = NO;
				DEBUG_INFORMATION_FORMAT = dwarf;
				ENABLE_STRICT_OBJC_MSGSEND = YES;
				ENABLE_TESTABILITY = YES;
				GCC_C_LANGUAGE_STANDARD = gnu11;
				GCC_DYNAMIC_NO_PIC = NO;
				GCC_NO_COMMON_BLOCKS = YES;
				GCC_OPTIMIZATION_LEVEL = 0;
				GCC_PREPROCESSOR_DEFINITIONS = (
					"DEBUG=1",
					"$(inherited)",
				);
				GCC_WARN_64_TO_32_BIT_CONVERSION = YES;
				GCC_WARN_ABOUT_RETURN_TYPE = YES_ERROR;
				GCC_WARN_UNDECLARED_SELECTOR = YES;
				GCC_WARN_UNINITIALIZED_AUTOS = YES_AGGRESSIVE;
				GCC_WARN_UNUSED_FUNCTION = YES;
				GCC_WARN_UNUSED_VARIABLE = YES;
				IPHONEOS_DEPLOYMENT_TARGET = 13.4;
				MTL_ENABLE_DEBUG_INFO = INCLUDE_SOURCE;
				MTL_FAST_MATH = YES;
				ONLY_ACTIVE_ARCH = YES;
				SDKROOT = iphoneos;
				SWIFT_ACTIVE_COMPILATION_CONDITIONS = DEBUG;
				SWIFT_OPTIMIZATION_LEVEL = "-Onone";
			};
			name = Debug;
		};
		8691879F24329B4E00E1AD14 /* Release */ = {
			isa = XCBuildConfiguration;
			buildSettings = {
				ALWAYS_SEARCH_USER_PATHS = NO;
				CLANG_ANALYZER_NONNULL = YES;
				CLANG_ANALYZER_NUMBER_OBJECT_CONVERSION = YES_AGGRESSIVE;
				CLANG_CXX_LANGUAGE_STANDARD = "gnu++14";
				CLANG_CXX_LIBRARY = "libc++";
				CLANG_ENABLE_MODULES = YES;
				CLANG_ENABLE_OBJC_ARC = YES;
				CLANG_ENABLE_OBJC_WEAK = YES;
				CLANG_WARN_BLOCK_CAPTURE_AUTORELEASING = YES;
				CLANG_WARN_BOOL_CONVERSION = YES;
				CLANG_WARN_COMMA = YES;
				CLANG_WARN_CONSTANT_CONVERSION = YES;
				CLANG_WARN_DEPRECATED_OBJC_IMPLEMENTATIONS = YES;
				CLANG_WARN_DIRECT_OBJC_ISA_USAGE = YES_ERROR;
				CLANG_WARN_DOCUMENTATION_COMMENTS = YES;
				CLANG_WARN_EMPTY_BODY = YES;
				CLANG_WARN_ENUM_CONVERSION = YES;
				CLANG_WARN_INFINITE_RECURSION = YES;
				CLANG_WARN_INT_CONVERSION = YES;
				CLANG_WARN_NON_LITERAL_NULL_CONVERSION = YES;
				CLANG_WARN_OBJC_IMPLICIT_RETAIN_SELF = YES;
				CLANG_WARN_OBJC_LITERAL_CONVERSION = YES;
				CLANG_WARN_OBJC_ROOT_CLASS = YES_ERROR;
				CLANG_WARN_RANGE_LOOP_ANALYSIS = YES;
				CLANG_WARN_STRICT_PROTOTYPES = YES;
				CLANG_WARN_SUSPICIOUS_MOVE = YES;
				CLANG_WARN_UNGUARDED_AVAILABILITY = YES_AGGRESSIVE;
				CLANG_WARN_UNREACHABLE_CODE = YES;
				CLANG_WARN__DUPLICATE_METHOD_MATCH = YES;
				COPY_PHASE_STRIP = NO;
				DEBUG_INFORMATION_FORMAT = "dwarf-with-dsym";
				ENABLE_NS_ASSERTIONS = NO;
				ENABLE_STRICT_OBJC_MSGSEND = YES;
				GCC_C_LANGUAGE_STANDARD = gnu11;
				GCC_NO_COMMON_BLOCKS = YES;
				GCC_WARN_64_TO_32_BIT_CONVERSION = YES;
				GCC_WARN_ABOUT_RETURN_TYPE = YES_ERROR;
				GCC_WARN_UNDECLARED_SELECTOR = YES;
				GCC_WARN_UNINITIALIZED_AUTOS = YES_AGGRESSIVE;
				GCC_WARN_UNUSED_FUNCTION = YES;
				GCC_WARN_UNUSED_VARIABLE = YES;
				IPHONEOS_DEPLOYMENT_TARGET = 13.4;
				MTL_ENABLE_DEBUG_INFO = NO;
				MTL_FAST_MATH = YES;
				SDKROOT = iphoneos;
				SWIFT_COMPILATION_MODE = wholemodule;
				SWIFT_OPTIMIZATION_LEVEL = "-O";
				VALIDATE_PRODUCT = YES;
			};
			name = Release;
		};
		869187A124329B4E00E1AD14 /* Debug */ = {
			isa = XCBuildConfiguration;
			buildSettings = {
				ASSETCATALOG_COMPILER_APPICON_NAME = AppIcon;
				CODE_SIGN_STYLE = Automatic;
				DEVELOPMENT_TEAM = SXB8NU98MB;
				INFOPLIST_FILE = VotingHomeowrk/Info.plist;
				LD_RUNPATH_SEARCH_PATHS = (
					"$(inherited)",
					"@executable_path/Frameworks",
				);
				PRODUCT_BUNDLE_IDENTIFIER = hw.VotingHomeowrk;
				PRODUCT_NAME = "$(TARGET_NAME)";
				SWIFT_VERSION = 5.0;
				TARGETED_DEVICE_FAMILY = "1,2";
			};
			name = Debug;
		};
		869187A224329B4E00E1AD14 /* Release */ = {
			isa = XCBuildConfiguration;
			buildSettings = {
				ASSETCATALOG_COMPILER_APPICON_NAME = AppIcon;
				CODE_SIGN_STYLE = Automatic;
				DEVELOPMENT_TEAM = SXB8NU98MB;
				INFOPLIST_FILE = VotingHomeowrk/Info.plist;
				LD_RUNPATH_SEARCH_PATHS = (
					"$(inherited)",
					"@executable_path/Frameworks",
				);
				PRODUCT_BUNDLE_IDENTIFIER = hw.VotingHomeowrk;
				PRODUCT_NAME = "$(TARGET_NAME)";
				SWIFT_VERSION = 5.0;
				TARGETED_DEVICE_FAMILY = "1,2";
			};
			name = Release;
		};
		869187A424329B4E00E1AD14 /* Debug */ = {
			isa = XCBuildConfiguration;
			buildSettings = {
				ALWAYS_EMBED_SWIFT_STANDARD_LIBRARIES = YES;
				BUNDLE_LOADER = "$(TEST_HOST)";
				CODE_SIGN_STYLE = Automatic;
				DEVELOPMENT_TEAM = SXB8NU98MB;
				INFOPLIST_FILE = VotingHomeowrkTests/Info.plist;
				IPHONEOS_DEPLOYMENT_TARGET = 13.4;
				LD_RUNPATH_SEARCH_PATHS = (
					"$(inherited)",
					"@executable_path/Frameworks",
					"@loader_path/Frameworks",
				);
				PRODUCT_BUNDLE_IDENTIFIER = hw.VotingHomeowrkTests;
				PRODUCT_NAME = "$(TARGET_NAME)";
				SWIFT_VERSION = 5.0;
				TARGETED_DEVICE_FAMILY = "1,2";
				TEST_HOST = "$(BUILT_PRODUCTS_DIR)/VotingHomeowrk.app/VotingHomeowrk";
			};
			name = Debug;
		};
		869187A524329B4E00E1AD14 /* Release */ = {
			isa = XCBuildConfiguration;
			buildSettings = {
				ALWAYS_EMBED_SWIFT_STANDARD_LIBRARIES = YES;
				BUNDLE_LOADER = "$(TEST_HOST)";
				CODE_SIGN_STYLE = Automatic;
				DEVELOPMENT_TEAM = SXB8NU98MB;
				INFOPLIST_FILE = VotingHomeowrkTests/Info.plist;
				IPHONEOS_DEPLOYMENT_TARGET = 13.4;
				LD_RUNPATH_SEARCH_PATHS = (
					"$(inherited)",
					"@executable_path/Frameworks",
					"@loader_path/Frameworks",
				);
				PRODUCT_BUNDLE_IDENTIFIER = hw.VotingHomeowrkTests;
				PRODUCT_NAME = "$(TARGET_NAME)";
				SWIFT_VERSION = 5.0;
				TARGETED_DEVICE_FAMILY = "1,2";
				TEST_HOST = "$(BUILT_PRODUCTS_DIR)/VotingHomeowrk.app/VotingHomeowrk";
			};
			name = Release;
		};
		869187A724329B4E00E1AD14 /* Debug */ = {
			isa = XCBuildConfiguration;
			buildSettings = {
				ALWAYS_EMBED_SWIFT_STANDARD_LIBRARIES = YES;
				CODE_SIGN_STYLE = Automatic;
				DEVELOPMENT_TEAM = SXB8NU98MB;
				INFOPLIST_FILE = VotingHomeowrkUITests/Info.plist;
				LD_RUNPATH_SEARCH_PATHS = (
					"$(inherited)",
					"@executable_path/Frameworks",
					"@loader_path/Frameworks",
				);
				PRODUCT_BUNDLE_IDENTIFIER = hw.VotingHomeowrkUITests;
				PRODUCT_NAME = "$(TARGET_NAME)";
				SWIFT_VERSION = 5.0;
				TARGETED_DEVICE_FAMILY = "1,2";
				TEST_TARGET_NAME = VotingHomeowrk;
			};
			name = Debug;
		};
		869187A824329B4E00E1AD14 /* Release */ = {
			isa = XCBuildConfiguration;
			buildSettings = {
				ALWAYS_EMBED_SWIFT_STANDARD_LIBRARIES = YES;
				CODE_SIGN_STYLE = Automatic;
				DEVELOPMENT_TEAM = SXB8NU98MB;
				INFOPLIST_FILE = VotingHomeowrkUITests/Info.plist;
				LD_RUNPATH_SEARCH_PATHS = (
					"$(inherited)",
					"@executable_path/Frameworks",
					"@loader_path/Frameworks",
				);
				PRODUCT_BUNDLE_IDENTIFIER = hw.VotingHomeowrkUITests;
				PRODUCT_NAME = "$(TARGET_NAME)";
				SWIFT_VERSION = 5.0;
				TARGETED_DEVICE_FAMILY = "1,2";
				TEST_TARGET_NAME = VotingHomeowrk;
			};
			name = Release;
		};
/* End XCBuildConfiguration section */

/* Begin XCConfigurationList section */
		8691877124329B4B00E1AD14 /* Build configuration list for PBXProject "VotingHomeowrk" */ = {
			isa = XCConfigurationList;
			buildConfigurations = (
				8691879E24329B4E00E1AD14 /* Debug */,
				8691879F24329B4E00E1AD14 /* Release */,
			);
			defaultConfigurationIsVisible = 0;
			defaultConfigurationName = Release;
		};
		869187A024329B4E00E1AD14 /* Build configuration list for PBXNativeTarget "VotingHomeowrk" */ = {
			isa = XCConfigurationList;
			buildConfigurations = (
				869187A124329B4E00E1AD14 /* Debug */,
				869187A224329B4E00E1AD14 /* Release */,
			);
			defaultConfigurationIsVisible = 0;
			defaultConfigurationName = Release;
		};
		869187A324329B4E00E1AD14 /* Build configuration list for PBXNativeTarget "VotingHomeowrkTests" */ = {
			isa = XCConfigurationList;
			buildConfigurations = (
				869187A424329B4E00E1AD14 /* Debug */,
				869187A524329B4E00E1AD14 /* Release */,
			);
			defaultConfigurationIsVisible = 0;
			defaultConfigurationName = Release;
		};
		869187A624329B4E00E1AD14 /* Build configuration list for PBXNativeTarget "VotingHomeowrkUITests" */ = {
			isa = XCConfigurationList;
			buildConfigurations = (
				869187A724329B4E00E1AD14 /* Debug */,
				869187A824329B4E00E1AD14 /* Release */,
			);
			defaultConfigurationIsVisible = 0;
			defaultConfigurationName = Release;
		};
/* End XCConfigurationList section */
	};
	rootObject = 8691876E24329B4B00E1AD14 /* Project object */;
}
